// !$*UTF8*$!
{
	archiveVersion = 1;
	classes = {
	};
	objectVersion = 56;
	objects = {

/* Begin PBXBuildFile section */
		0B8F164DB77AFCAE4EF0DA2B /* ContentView.swift in Sources */ = {isa = PBXBuildFile; fileRef = AD1FE3E1B90DA5D64BFE4C46 /* ContentView.swift */; };
		1710F8FE8910C427184F1AFD /* SharePlayManager.swift in Sources */ = {isa = PBXBuildFile; fileRef = FCEE4ED3670D9731718D5F37 /* SharePlayManager.swift */; };
		172BF3CE4375F9B3AF4B063C /* AppModel.swift in Sources */ = {isa = PBXBuildFile; fileRef = 149CAD9680AB2E2573D451DD /* AppModel.swift */; };
		1FBB90F915FBE76A082B2EFF /* Assets.xcassets in Resources */ = {isa = PBXBuildFile; fileRef = 98E7B32424281FA9863180A6 /* Assets.xcassets */; };
		28D2BAA905C368C534ACFB1C /* LoadingScreenView.swift in Sources */ = {isa = PBXBuildFile; fileRef = 0028DA26E4BEC04ADBE15DFD /* LoadingScreenView.swift */; };
		2CAA46987DBAC4465FF16099 /* GameStateManager.swift in Sources */ = {isa = PBXBuildFile; fileRef = 1BA9EA0003B1F73EC1CB1BB7 /* GameStateManager.swift */; };
		3D2DC5F5B4D4F54FDF649D0A /* MainView.swift in Sources */ = {isa = PBXBuildFile; fileRef = 4CE0F585F0F545369D598531 /* MainView.swift */; };
		4DD4CB97A57860178B894E30 /* GameContainerViewVision.swift in Sources */ = {isa = PBXBuildFile; fileRef = F5A9EC9778DBC1A90AD417D9 /* GameContainerViewVision.swift */; };
		4FB7F6BE93B743CE5BDEAFE3 /* CameraView.swift in Sources */ = {isa = PBXBuildFile; fileRef = 2EECC5A83A59E465D3F059F7 /* CameraView.swift */; };
		5F58CEFB9EC757AE6C19626A /* ImmersiveView.swift in Sources */ = {isa = PBXBuildFile; fileRef = 3DEA73F25466963FB7064BF5 /* ImmersiveView.swift */; };
		68D1A5842D44554A004A6A8C /* LoadingScreenView.swift in Sources */ = {isa = PBXBuildFile; fileRef = 0028DA26E4BEC04ADBE15DFD /* LoadingScreenView.swift */; };
		68D1A5852D44555B004A6A8C /* SharePlayManager.swift in Sources */ = {isa = PBXBuildFile; fileRef = FCEE4ED3670D9731718D5F37 /* SharePlayManager.swift */; };
		68D1A5862D44556D004A6A8C /* Player.swift in Sources */ = {isa = PBXBuildFile; fileRef = A5D7A99750FE031301280864 /* Player.swift */; };
		68D1A5872D445573004A6A8C /* GameStateManager.swift in Sources */ = {isa = PBXBuildFile; fileRef = 1BA9EA0003B1F73EC1CB1BB7 /* GameStateManager.swift */; };
		716084650409BE2A76D8610E /* Player.swift in Sources */ = {isa = PBXBuildFile; fileRef = A5D7A99750FE031301280864 /* Player.swift */; };
		9008BA3206967A9F31C84C6B /* Assets.xcassets in Resources */ = {isa = PBXBuildFile; fileRef = D81C4D028C810D5A586EAB5C /* Assets.xcassets */; };
		93EFB9177C714B76B5D612B5 /* Preview Assets.xcassets in Resources */ = {isa = PBXBuildFile; fileRef = 5F7AAEC2C5810917B2BC35EA /* Preview Assets.xcassets */; };
		9E35496E73D55FDB7A449778 /* Preview Assets.xcassets in Resources */ = {isa = PBXBuildFile; fileRef = 71CD8C6DEC063110560483E8 /* Preview Assets.xcassets */; };
		CD4CAEAFAF5D53BE334F69E9 /* MobileAssets.xcassets in Resources */ = {isa = PBXBuildFile; fileRef = 79844E5A3F14737E3E889DC3 /* MobileAssets.xcassets */; };
		EEBA01A7AD6782B9F930B1A7 /* MobileApp.swift in Sources */ = {isa = PBXBuildFile; fileRef = C2C6A87B777834B806A49110 /* MobileApp.swift */; };
		EF495AB9236D1AE3D6873A8B /* PlayerListView.swift in Sources */ = {isa = PBXBuildFile; fileRef = 2C027CE6ED20CFB529F27996 /* PlayerListView.swift */; };
		F05ABAF6D8CDEDBA68174A7F /* BadApplesRealityHackApp.swift in Sources */ = {isa = PBXBuildFile; fileRef = 193A31C128A770ACD88CA640 /* BadApplesRealityHackApp.swift */; };
		F9D2987A80006880164F6B0F /* Media.xcassets in Resources */ = {isa = PBXBuildFile; fileRef = 4651327C669F55EED1E46979 /* Media.xcassets */; };
		FC7F4877DA0ADDA6DA8B871B /* GameContainerViewiPhone.swift in Sources */ = {isa = PBXBuildFile; fileRef = 53AE7F3D4E204A73E1CA73C2 /* GameContainerViewiPhone.swift */; };
/* End PBXBuildFile section */

/* Begin PBXFileReference section */
		0028DA26E4BEC04ADBE15DFD /* LoadingScreenView.swift */ = {isa = PBXFileReference; lastKnownFileType = sourcecode.swift; path = LoadingScreenView.swift; sourceTree = "<group>"; };
		149CAD9680AB2E2573D451DD /* AppModel.swift */ = {isa = PBXFileReference; lastKnownFileType = sourcecode.swift; path = AppModel.swift; sourceTree = "<group>"; };
		193A31C128A770ACD88CA640 /* BadApplesRealityHackApp.swift */ = {isa = PBXFileReference; lastKnownFileType = sourcecode.swift; path = BadApplesRealityHackApp.swift; sourceTree = "<group>"; };
		1BA9EA0003B1F73EC1CB1BB7 /* GameStateManager.swift */ = {isa = PBXFileReference; lastKnownFileType = sourcecode.swift; path = GameStateManager.swift; sourceTree = "<group>"; };
		2C027CE6ED20CFB529F27996 /* PlayerListView.swift */ = {isa = PBXFileReference; lastKnownFileType = sourcecode.swift; path = PlayerListView.swift; sourceTree = "<group>"; };
		2EECC5A83A59E465D3F059F7 /* CameraView.swift */ = {isa = PBXFileReference; lastKnownFileType = sourcecode.swift; path = CameraView.swift; sourceTree = "<group>"; };
		3DEA73F25466963FB7064BF5 /* ImmersiveView.swift */ = {isa = PBXFileReference; lastKnownFileType = sourcecode.swift; path = ImmersiveView.swift; sourceTree = "<group>"; };
		4651327C669F55EED1E46979 /* Media.xcassets */ = {isa = PBXFileReference; lastKnownFileType = folder.assetcatalog; path = Media.xcassets; sourceTree = "<group>"; };
		4CE0F585F0F545369D598531 /* MainView.swift */ = {isa = PBXFileReference; lastKnownFileType = sourcecode.swift; path = MainView.swift; sourceTree = "<group>"; };
		53AE7F3D4E204A73E1CA73C2 /* GameContainerViewiPhone.swift */ = {isa = PBXFileReference; lastKnownFileType = sourcecode.swift; path = GameContainerViewiPhone.swift; sourceTree = "<group>"; };
		5F7AAEC2C5810917B2BC35EA /* Preview Assets.xcassets */ = {isa = PBXFileReference; lastKnownFileType = folder.assetcatalog; path = "Preview Assets.xcassets"; sourceTree = "<group>"; };
		71CD8C6DEC063110560483E8 /* Preview Assets.xcassets */ = {isa = PBXFileReference; lastKnownFileType = folder.assetcatalog; path = "Preview Assets.xcassets"; sourceTree = "<group>"; };
		79844E5A3F14737E3E889DC3 /* MobileAssets.xcassets */ = {isa = PBXFileReference; lastKnownFileType = folder.assetcatalog; path = MobileAssets.xcassets; sourceTree = "<group>"; };
		81290B382D444BEB006CFB47 /* BadApples.entitlements */ = {isa = PBXFileReference; lastKnownFileType = text.plist.entitlements; path = BadApples.entitlements; sourceTree = "<group>"; };
		98E7B32424281FA9863180A6 /* Assets.xcassets */ = {isa = PBXFileReference; lastKnownFileType = folder.assetcatalog; path = Assets.xcassets; sourceTree = "<group>"; };
		9DC6009E15A13E9081AC151F /* Mobile.app */ = {isa = PBXFileReference; explicitFileType = wrapper.application; includeInIndex = 0; path = Mobile.app; sourceTree = BUILT_PRODUCTS_DIR; };
		A5D7A99750FE031301280864 /* Player.swift */ = {isa = PBXFileReference; lastKnownFileType = sourcecode.swift; path = Player.swift; sourceTree = "<group>"; };
		AD1FE3E1B90DA5D64BFE4C46 /* ContentView.swift */ = {isa = PBXFileReference; lastKnownFileType = sourcecode.swift; path = ContentView.swift; sourceTree = "<group>"; };
		AFD67D5799B14E82F33ADDDD /* BadApples.app */ = {isa = PBXFileReference; explicitFileType = wrapper.application; includeInIndex = 0; path = BadApples.app; sourceTree = BUILT_PRODUCTS_DIR; };
		BD14894D14D3AD2C765F2964 /* Info.plist */ = {isa = PBXFileReference; lastKnownFileType = text.plist; path = Info.plist; sourceTree = "<group>"; };
		C2C6A87B777834B806A49110 /* MobileApp.swift */ = {isa = PBXFileReference; lastKnownFileType = sourcecode.swift; path = MobileApp.swift; sourceTree = "<group>"; };
		D81C4D028C810D5A586EAB5C /* Assets.xcassets */ = {isa = PBXFileReference; lastKnownFileType = folder.assetcatalog; path = Assets.xcassets; sourceTree = "<group>"; };
		F5A9EC9778DBC1A90AD417D9 /* GameContainerViewVision.swift */ = {isa = PBXFileReference; lastKnownFileType = sourcecode.swift; path = GameContainerViewVision.swift; sourceTree = "<group>"; };
		FCEE4ED3670D9731718D5F37 /* SharePlayManager.swift */ = {isa = PBXFileReference; lastKnownFileType = sourcecode.swift; path = SharePlayManager.swift; sourceTree = "<group>"; };
/* End PBXFileReference section */

/* Begin PBXGroup section */
		1B3BADCCC4DE071787DA65DE /* BadApplesRealityHack */ = {
			isa = PBXGroup;
			children = (
				98E7B32424281FA9863180A6 /* Assets.xcassets */,
				193A31C128A770ACD88CA640 /* BadApplesRealityHackApp.swift */,
				BD14894D14D3AD2C765F2964 /* Info.plist */,
				BF40A9D7B12F68FDC73EBA31 /* Main */,
				F0E1A377A868BCF1EECA5A54 /* Preview Content */,
			);
			path = BadApplesRealityHack;
			sourceTree = "<group>";
		};
		2F1ACFDAC8A2CCD97E3A044C /* Products */ = {
			isa = PBXGroup;
			children = (
				AFD67D5799B14E82F33ADDDD /* BadApples.app */,
				9DC6009E15A13E9081AC151F /* Mobile.app */,
			);
			name = Products;
			sourceTree = "<group>";
		};
		5A2E66AC092871E8C329F457 /* Mobile */ = {
			isa = PBXGroup;
			children = (
				D81C4D028C810D5A586EAB5C /* Assets.xcassets */,
				2EECC5A83A59E465D3F059F7 /* CameraView.swift */,
				AD1FE3E1B90DA5D64BFE4C46 /* ContentView.swift */,
				53AE7F3D4E204A73E1CA73C2 /* GameContainerViewiPhone.swift */,
				4651327C669F55EED1E46979 /* Media.xcassets */,
				C2C6A87B777834B806A49110 /* MobileApp.swift */,
				79844E5A3F14737E3E889DC3 /* MobileAssets.xcassets */,
				9E0612657F168C0EC2BEDEB4 /* Preview Content */,
			);
			path = Mobile;
			sourceTree = "<group>";
		};
		9E0612657F168C0EC2BEDEB4 /* Preview Content */ = {
			isa = PBXGroup;
			children = (
				71CD8C6DEC063110560483E8 /* Preview Assets.xcassets */,
			);
			path = "Preview Content";
			sourceTree = "<group>";
		};
		BF40A9D7B12F68FDC73EBA31 /* Main */ = {
			isa = PBXGroup;
			children = (
				149CAD9680AB2E2573D451DD /* AppModel.swift */,
				F5A9EC9778DBC1A90AD417D9 /* GameContainerViewVision.swift */,
				1BA9EA0003B1F73EC1CB1BB7 /* GameStateManager.swift */,
				3DEA73F25466963FB7064BF5 /* ImmersiveView.swift */,
				0028DA26E4BEC04ADBE15DFD /* LoadingScreenView.swift */,
				4CE0F585F0F545369D598531 /* MainView.swift */,
				A5D7A99750FE031301280864 /* Player.swift */,
				2C027CE6ED20CFB529F27996 /* PlayerListView.swift */,
				FCEE4ED3670D9731718D5F37 /* SharePlayManager.swift */,
			);
			path = Main;
			sourceTree = "<group>";
		};
		F0E1A377A868BCF1EECA5A54 /* Preview Content */ = {
			isa = PBXGroup;
			children = (
				5F7AAEC2C5810917B2BC35EA /* Preview Assets.xcassets */,
			);
			path = "Preview Content";
			sourceTree = "<group>";
		};
		FF59148301521FADE5329A22 = {
			isa = PBXGroup;
			children = (
				81290B382D444BEB006CFB47 /* BadApples.entitlements */,
				1B3BADCCC4DE071787DA65DE /* BadApplesRealityHack */,
				5A2E66AC092871E8C329F457 /* Mobile */,
				2F1ACFDAC8A2CCD97E3A044C /* Products */,
			);
			sourceTree = "<group>";
		};
/* End PBXGroup section */

/* Begin PBXNativeTarget section */
		C48BB45763DA477596446771 /* BadApples */ = {
			isa = PBXNativeTarget;
			buildConfigurationList = 2A635692059D8482E3579AB2 /* Build configuration list for PBXNativeTarget "BadApples" */;
			buildPhases = (
				C7D13A021F2D55244E847C6E /* Sources */,
				180268FE78F6604E6E878091 /* Resources */,
			);
			buildRules = (
			);
			dependencies = (
			);
			name = BadApples;
			productName = BadApples;
			productReference = AFD67D5799B14E82F33ADDDD /* BadApples.app */;
			productType = "com.apple.product-type.application";
		};
		F4C7332DE0C4415C68B00D3C /* Mobile */ = {
			isa = PBXNativeTarget;
			buildConfigurationList = FC3A476F6A82F1B2ADBDAF23 /* Build configuration list for PBXNativeTarget "Mobile" */;
			buildPhases = (
				A4CC3D687D3628CDFEF287CB /* Sources */,
				A5B9D291548DA2463FB296A8 /* Resources */,
			);
			buildRules = (
			);
			dependencies = (
			);
			name = Mobile;
			productName = Mobile;
			productReference = 9DC6009E15A13E9081AC151F /* Mobile.app */;
			productType = "com.apple.product-type.application";
		};
/* End PBXNativeTarget section */

/* Begin PBXProject section */
		B1A82FD8F9D673C33243E3AC /* Project object */ = {
			isa = PBXProject;
			attributes = {
				BuildIndependentTargetsInParallel = YES;
				LastUpgradeCheck = 1600;
			};
			buildConfigurationList = 72A1CEA9F510735DB044B1D4 /* Build configuration list for PBXProject "BadApplesRealityHack" */;
			compatibilityVersion = "Xcode 14.0";
			developmentRegion = en;
			hasScannedForEncodings = 0;
			knownRegions = (
				Base,
				en,
			);
			mainGroup = FF59148301521FADE5329A22;
			projectDirPath = "";
			projectRoot = "";
			targets = (
				C48BB45763DA477596446771 /* BadApples */,
				F4C7332DE0C4415C68B00D3C /* Mobile */,
			);
		};
/* End PBXProject section */

/* Begin PBXResourcesBuildPhase section */
		180268FE78F6604E6E878091 /* Resources */ = {
			isa = PBXResourcesBuildPhase;
			buildActionMask = 2147483647;
			files = (
				1FBB90F915FBE76A082B2EFF /* Assets.xcassets in Resources */,
				93EFB9177C714B76B5D612B5 /* Preview Assets.xcassets in Resources */,
			);
			runOnlyForDeploymentPostprocessing = 0;
		};
		A5B9D291548DA2463FB296A8 /* Resources */ = {
			isa = PBXResourcesBuildPhase;
			buildActionMask = 2147483647;
			files = (
				9008BA3206967A9F31C84C6B /* Assets.xcassets in Resources */,
				F9D2987A80006880164F6B0F /* Media.xcassets in Resources */,
				CD4CAEAFAF5D53BE334F69E9 /* MobileAssets.xcassets in Resources */,
				9E35496E73D55FDB7A449778 /* Preview Assets.xcassets in Resources */,
			);
			runOnlyForDeploymentPostprocessing = 0;
		};
/* End PBXResourcesBuildPhase section */

/* Begin PBXSourcesBuildPhase section */
		A4CC3D687D3628CDFEF287CB /* Sources */ = {
			isa = PBXSourcesBuildPhase;
			buildActionMask = 2147483647;
			files = (
				4FB7F6BE93B743CE5BDEAFE3 /* CameraView.swift in Sources */,
				0B8F164DB77AFCAE4EF0DA2B /* ContentView.swift in Sources */,
				FC7F4877DA0ADDA6DA8B871B /* GameContainerViewiPhone.swift in Sources */,
				68D1A5842D44554A004A6A8C /* LoadingScreenView.swift in Sources */,
				68D1A5862D44556D004A6A8C /* Player.swift in Sources */,
				EEBA01A7AD6782B9F930B1A7 /* MobileApp.swift in Sources */,
				68D1A5852D44555B004A6A8C /* SharePlayManager.swift in Sources */,
				68D1A5872D445573004A6A8C /* GameStateManager.swift in Sources */,
			);
			runOnlyForDeploymentPostprocessing = 0;
		};
		C7D13A021F2D55244E847C6E /* Sources */ = {
			isa = PBXSourcesBuildPhase;
			buildActionMask = 2147483647;
			files = (
				172BF3CE4375F9B3AF4B063C /* AppModel.swift in Sources */,
				F05ABAF6D8CDEDBA68174A7F /* BadApplesRealityHackApp.swift in Sources */,
				4DD4CB97A57860178B894E30 /* GameContainerViewVision.swift in Sources */,
				2CAA46987DBAC4465FF16099 /* GameStateManager.swift in Sources */,
				5F58CEFB9EC757AE6C19626A /* ImmersiveView.swift in Sources */,
				28D2BAA905C368C534ACFB1C /* LoadingScreenView.swift in Sources */,
				3D2DC5F5B4D4F54FDF649D0A /* MainView.swift in Sources */,
				716084650409BE2A76D8610E /* Player.swift in Sources */,
				EF495AB9236D1AE3D6873A8B /* PlayerListView.swift in Sources */,
				1710F8FE8910C427184F1AFD /* SharePlayManager.swift in Sources */,
			);
			runOnlyForDeploymentPostprocessing = 0;
		};
/* End PBXSourcesBuildPhase section */

/* Begin XCBuildConfiguration section */
		3ED72E2E2CF46737FCE3287B /* Release */ = {
			isa = XCBuildConfiguration;
			buildSettings = {
				ASSETCATALOG_COMPILER_APPICON_NAME = AppIcon;
				CODE_SIGN_ENTITLEMENTS = BadApples.entitlements;
				ENABLE_TESTABILITY = YES;
				INFOPLIST_FILE = Sources/Info.plist;
				LD_RUNPATH_SEARCH_PATHS = (
					"$(inherited)",
					"@executable_path/Frameworks",
				);
				PRODUCT_BUNDLE_IDENTIFIER = org.dicyaninlabs.BadApples;
				SDKROOT = xros;
				SWIFT_VERSION = 5.10.1;
				TARGETED_DEVICE_FAMILY = 7;
			};
			name = Release;
		};
		4C7956CD71DBE289E6D0A670 /* Debug */ = {
			isa = XCBuildConfiguration;
			buildSettings = {
				ASSETCATALOG_COMPILER_APPICON_NAME = AppIcon;
				CODE_SIGN_IDENTITY = "iPhone Developer";
				DEVELOPMENT_TEAM = V87R7G2Q55;
				ENABLE_TESTABILITY = YES;
				INFOPLIST_FILE = Sources/Info.plist;
				LD_RUNPATH_SEARCH_PATHS = (
					"$(inherited)",
					"@executable_path/Frameworks",
				);
				PRODUCT_BUNDLE_IDENTIFIER = org.dicyaninlabs.Mobile;
				SDKROOT = iphoneos;
				SWIFT_VERSION = 5.10.1;
				TARGETED_DEVICE_FAMILY = "1,2";
			};
			name = Debug;
		};
		53190FA9CA35503D23A4AFAF /* Release */ = {
			isa = XCBuildConfiguration;
			buildSettings = {
				ALWAYS_SEARCH_USER_PATHS = NO;
				CLANG_ANALYZER_NONNULL = YES;
				CLANG_ANALYZER_NUMBER_OBJECT_CONVERSION = YES_AGGRESSIVE;
				CLANG_CXX_LANGUAGE_STANDARD = "gnu++14";
				CLANG_CXX_LIBRARY = "libc++";
				CLANG_ENABLE_MODULES = YES;
				CLANG_ENABLE_OBJC_ARC = YES;
				CLANG_ENABLE_OBJC_WEAK = YES;
				CLANG_WARN_BLOCK_CAPTURE_AUTORELEASING = YES;
				CLANG_WARN_BOOL_CONVERSION = YES;
				CLANG_WARN_COMMA = YES;
				CLANG_WARN_CONSTANT_CONVERSION = YES;
				CLANG_WARN_DEPRECATED_OBJC_IMPLEMENTATIONS = YES;
				CLANG_WARN_DIRECT_OBJC_ISA_USAGE = YES_ERROR;
				CLANG_WARN_DOCUMENTATION_COMMENTS = YES;
				CLANG_WARN_EMPTY_BODY = YES;
				CLANG_WARN_ENUM_CONVERSION = YES;
				CLANG_WARN_INFINITE_RECURSION = YES;
				CLANG_WARN_INT_CONVERSION = YES;
				CLANG_WARN_NON_LITERAL_NULL_CONVERSION = YES;
				CLANG_WARN_OBJC_IMPLICIT_RETAIN_SELF = YES;
				CLANG_WARN_OBJC_LITERAL_CONVERSION = YES;
				CLANG_WARN_OBJC_ROOT_CLASS = YES_ERROR;
				CLANG_WARN_QUOTED_INCLUDE_IN_FRAMEWORK_HEADER = YES;
				CLANG_WARN_RANGE_LOOP_ANALYSIS = YES;
				CLANG_WARN_STRICT_PROTOTYPES = YES;
				CLANG_WARN_SUSPICIOUS_MOVE = YES;
				CLANG_WARN_UNGUARDED_AVAILABILITY = YES_AGGRESSIVE;
				CLANG_WARN_UNREACHABLE_CODE = YES;
				CLANG_WARN__DUPLICATE_METHOD_MATCH = YES;
				COPY_PHASE_STRIP = NO;
				DEBUG_INFORMATION_FORMAT = "dwarf-with-dsym";
				ENABLE_NS_ASSERTIONS = NO;
				ENABLE_STRICT_OBJC_MSGSEND = YES;
				GCC_C_LANGUAGE_STANDARD = gnu11;
				GCC_NO_COMMON_BLOCKS = YES;
				GCC_WARN_64_TO_32_BIT_CONVERSION = YES;
				GCC_WARN_ABOUT_RETURN_TYPE = YES_ERROR;
				GCC_WARN_UNDECLARED_SELECTOR = YES;
				GCC_WARN_UNINITIALIZED_AUTOS = YES_AGGRESSIVE;
				GCC_WARN_UNUSED_FUNCTION = YES;
				GCC_WARN_UNUSED_VARIABLE = YES;
				IPHONEOS_DEPLOYMENT_TARGET = 17.0;
				MTL_ENABLE_DEBUG_INFO = NO;
				MTL_FAST_MATH = YES;
				PRODUCT_NAME = "$(TARGET_NAME)";
				SWIFT_COMPILATION_MODE = wholemodule;
				SWIFT_OPTIMIZATION_LEVEL = "-O";
				SWIFT_VERSION = 5.0;
				XROS_DEPLOYMENT_TARGET = 2.0;
			};
			name = Release;
		};
		5D14FC19DFDAC9F8C5F5C021 /* Release */ = {
			isa = XCBuildConfiguration;
			buildSettings = {
				ASSETCATALOG_COMPILER_APPICON_NAME = AppIcon;
				CODE_SIGN_IDENTITY = "iPhone Developer";
				DEVELOPMENT_TEAM = V87R7G2Q55;
				ENABLE_TESTABILITY = YES;
				INFOPLIST_FILE = Sources/Info.plist;
				LD_RUNPATH_SEARCH_PATHS = (
					"$(inherited)",
					"@executable_path/Frameworks",
				);
				PRODUCT_BUNDLE_IDENTIFIER = org.dicyaninlabs.Mobile;
				SDKROOT = iphoneos;
				SWIFT_VERSION = 5.10.1;
				TARGETED_DEVICE_FAMILY = "1,2";
			};
			name = Release;
		};
		7211EAC7E5059EFB13D68DD5 /* Debug */ = {
			isa = XCBuildConfiguration;
			buildSettings = {
				ALWAYS_SEARCH_USER_PATHS = NO;
				CLANG_ANALYZER_NONNULL = YES;
				CLANG_ANALYZER_NUMBER_OBJECT_CONVERSION = YES_AGGRESSIVE;
				CLANG_CXX_LANGUAGE_STANDARD = "gnu++14";
				CLANG_CXX_LIBRARY = "libc++";
				CLANG_ENABLE_MODULES = YES;
				CLANG_ENABLE_OBJC_ARC = YES;
				CLANG_ENABLE_OBJC_WEAK = YES;
				CLANG_WARN_BLOCK_CAPTURE_AUTORELEASING = YES;
				CLANG_WARN_BOOL_CONVERSION = YES;
				CLANG_WARN_COMMA = YES;
				CLANG_WARN_CONSTANT_CONVERSION = YES;
				CLANG_WARN_DEPRECATED_OBJC_IMPLEMENTATIONS = YES;
				CLANG_WARN_DIRECT_OBJC_ISA_USAGE = YES_ERROR;
				CLANG_WARN_DOCUMENTATION_COMMENTS = YES;
				CLANG_WARN_EMPTY_BODY = YES;
				CLANG_WARN_ENUM_CONVERSION = YES;
				CLANG_WARN_INFINITE_RECURSION = YES;
				CLANG_WARN_INT_CONVERSION = YES;
				CLANG_WARN_NON_LITERAL_NULL_CONVERSION = YES;
				CLANG_WARN_OBJC_IMPLICIT_RETAIN_SELF = YES;
				CLANG_WARN_OBJC_LITERAL_CONVERSION = YES;
				CLANG_WARN_OBJC_ROOT_CLASS = YES_ERROR;
				CLANG_WARN_QUOTED_INCLUDE_IN_FRAMEWORK_HEADER = YES;
				CLANG_WARN_RANGE_LOOP_ANALYSIS = YES;
				CLANG_WARN_STRICT_PROTOTYPES = YES;
				CLANG_WARN_SUSPICIOUS_MOVE = YES;
				CLANG_WARN_UNGUARDED_AVAILABILITY = YES_AGGRESSIVE;
				CLANG_WARN_UNREACHABLE_CODE = YES;
				CLANG_WARN__DUPLICATE_METHOD_MATCH = YES;
				COPY_PHASE_STRIP = NO;
				DEBUG_INFORMATION_FORMAT = dwarf;
				ENABLE_STRICT_OBJC_MSGSEND = YES;
				ENABLE_TESTABILITY = YES;
				GCC_C_LANGUAGE_STANDARD = gnu11;
				GCC_DYNAMIC_NO_PIC = NO;
				GCC_NO_COMMON_BLOCKS = YES;
				GCC_OPTIMIZATION_LEVEL = 0;
				GCC_PREPROCESSOR_DEFINITIONS = (
					"$(inherited)",
					"DEBUG=1",
				);
				GCC_WARN_64_TO_32_BIT_CONVERSION = YES;
				GCC_WARN_ABOUT_RETURN_TYPE = YES_ERROR;
				GCC_WARN_UNDECLARED_SELECTOR = YES;
				GCC_WARN_UNINITIALIZED_AUTOS = YES_AGGRESSIVE;
				GCC_WARN_UNUSED_FUNCTION = YES;
				GCC_WARN_UNUSED_VARIABLE = YES;
				IPHONEOS_DEPLOYMENT_TARGET = 17.0;
				MTL_ENABLE_DEBUG_INFO = INCLUDE_SOURCE;
				MTL_FAST_MATH = YES;
				ONLY_ACTIVE_ARCH = YES;
				PRODUCT_NAME = "$(TARGET_NAME)";
				SWIFT_ACTIVE_COMPILATION_CONDITIONS = DEBUG;
				SWIFT_OPTIMIZATION_LEVEL = "-Onone";
				SWIFT_VERSION = 5.0;
				XROS_DEPLOYMENT_TARGET = 2.0;
			};
			name = Debug;
		};
		9C81B42C2906597E7499BE18 /* Debug */ = {
			isa = XCBuildConfiguration;
			buildSettings = {
				ASSETCATALOG_COMPILER_APPICON_NAME = AppIcon;
				CODE_SIGN_ENTITLEMENTS = BadApples.entitlements;
				ENABLE_TESTABILITY = YES;
				INFOPLIST_FILE = Sources/Info.plist;
				LD_RUNPATH_SEARCH_PATHS = (
					"$(inherited)",
					"@executable_path/Frameworks",
				);
				PRODUCT_BUNDLE_IDENTIFIER = org.dicyaninlabs.BadApples;
				SDKROOT = xros;
				SWIFT_VERSION = 5.10.1;
				TARGETED_DEVICE_FAMILY = 7;
			};
			name = Debug;
		};
/* End XCBuildConfiguration section */

/* Begin XCConfigurationList section */
		2A635692059D8482E3579AB2 /* Build configuration list for PBXNativeTarget "BadApples" */ = {
			isa = XCConfigurationList;
			buildConfigurations = (
				9C81B42C2906597E7499BE18 /* Debug */,
				3ED72E2E2CF46737FCE3287B /* Release */,
			);
			defaultConfigurationIsVisible = 0;
			defaultConfigurationName = Debug;
		};
		72A1CEA9F510735DB044B1D4 /* Build configuration list for PBXProject "BadApplesRealityHack" */ = {
			isa = XCConfigurationList;
			buildConfigurations = (
				7211EAC7E5059EFB13D68DD5 /* Debug */,
				53190FA9CA35503D23A4AFAF /* Release */,
			);
			defaultConfigurationIsVisible = 0;
			defaultConfigurationName = Debug;
		};
		FC3A476F6A82F1B2ADBDAF23 /* Build configuration list for PBXNativeTarget "Mobile" */ = {
			isa = XCConfigurationList;
			buildConfigurations = (
				4C7956CD71DBE289E6D0A670 /* Debug */,
				5D14FC19DFDAC9F8C5F5C021 /* Release */,
			);
			defaultConfigurationIsVisible = 0;
			defaultConfigurationName = Debug;
		};
/* End XCConfigurationList section */
	};
	rootObject = B1A82FD8F9D673C33243E3AC /* Project object */;
}
